
Microsoft Visual Studio Solution File, Format Version 12.00
# Visual Studio 14
VisualStudioVersion = 14.0.25420.1
MinimumVisualStudioVersion = 10.0.40219.1
Project("{FAE04EC0-301F-11D3-BF4B-00C04F79EFBC}") = "yanzhilong", "yanzhilong\yanzhilong.csproj", "{79862BD7-3E9C-4DF3-A410-11873E2ACBE8}"
EndProject
Project("{FAE04EC0-301F-11D3-BF4B-00C04F79EFBC}") = "yanzhilongtest", "yanzhilongtest\yanzhilongtest.csproj", "{CE1DCF65-FFB9-4D6E-A9D8-DECFFDD968CE}"
EndProject
Global
	GlobalSection(SolutionConfigurationPlatforms) = preSolution
		Debug|Any CPU = Debug|Any CPU
		Release|Any CPU = Release|Any CPU
	EndGlobalSection
	GlobalSection(ProjectConfigurationPlatforms) = postSolution
		{79862BD7-3E9C-4DF3-A410-11873E2ACBE8}.Debug|Any CPU.ActiveCfg = Debug|Any CPU
		{79862BD7-3E9C-4DF3-A410-11873E2ACBE8}.Debug|Any CPU.Build.0 = Debug|Any CPU
		{79862BD7-3E9C-4DF3-A410-11873E2ACBE8}.Release|Any CPU.ActiveCfg = Release|Any CPU
		{79862BD7-3E9C-4DF3-A410-11873E2ACBE8}.Release|Any CPU.Build.0 = Release|Any CPU
		{CE1DCF65-FFB9-4D6E-A9D8-DECFFDD968CE}.Debug|Any CPU.ActiveCfg = Debug|Any CPU
		{CE1DCF65-FFB9-4D6E-A9D8-DECFFDD968CE}.Debug|Any CPU.Build.0 = Debug|Any CPU
		{CE1DCF65-FFB9-4D6E-A9D8-DECFFDD968CE}.Release|Any CPU.ActiveCfg = Release|Any CPU
		{CE1DCF65-FFB9-4D6E-A9D8-DECFFDD968CE}.Release|Any CPU.Build.0 = Release|Any CPU
	EndGlobalSection
	GlobalSection(SolutionProperties) = preSolution
		HideSolutionNode = FALSE
	EndGlobalSection
EndGlobal
